
Microsoft Visual Studio Solution File, Format Version 12.00
# Visual Studio Version 17
VisualStudioVersion = 17.3.32929.385
MinimumVisualStudioVersion = 10.0.40219.1
Project("{FAE04EC0-301F-11D3-BF4B-00C04F79EFBC}") = "League-Info-app", "League-Info-app\League-Info-app.csproj", "{63A11D75-1FFC-4AB1-A1B8-3D052FDA44FA}"
EndProject
Global
	GlobalSection(SolutionConfigurationPlatforms) = preSolution
		Debug|Any CPU = Debug|Any CPU
		Release|Any CPU = Release|Any CPU
	EndGlobalSection
	GlobalSection(ProjectConfigurationPlatforms) = postSolution
		{63A11D75-1FFC-4AB1-A1B8-3D052FDA44FA}.Debug|Any CPU.ActiveCfg = Debug|Any CPU
		{63A11D75-1FFC-4AB1-A1B8-3D052FDA44FA}.Debug|Any CPU.Build.0 = Debug|Any CPU
		{63A11D75-1FFC-4AB1-A1B8-3D052FDA44FA}.Release|Any CPU.ActiveCfg = Release|Any CPU
		{63A11D75-1FFC-4AB1-A1B8-3D052FDA44FA}.Release|Any CPU.Build.0 = Release|Any CPU
	EndGlobalSection
	GlobalSection(SolutionProperties) = preSolution
		HideSolutionNode = FALSE
	EndGlobalSection
	GlobalSection(ExtensibilityGlobals) = postSolution
		SolutionGuid = {8F002622-5905-443D-A870-E60BEEF2EB0C}
	EndGlobalSection
EndGlobal
